{
  "name": "timezone",
  "version": "1.0.0",
  "lockfileVersion": 3,
  "requires": true,
  "packages": {
    "": {
      "name": "timezone",
      "version": "1.0.0",
      "license": "ISC",
      "dependencies": {
        "dayjs": "^1.11.21",
        "micromodal": "^0.7.0"
      }
    },
    "node_modules/dayjs": {
      "version": "1.11.21",
      "resolved": "https://registry.npmjs.org/dayjs/-/dayjs-1.11.21.tgz",
      "integrity": "sha512-98IT+HOahAisibz/yjKbzuOBwYcjJ7BCLPzARyHiyEBmRz4fatF+KPJszEHXsGYjUG234aH/cOjW1wwTbKUZlA==",
      "license": "MIT"
    },
    "node_modules/micromodal": {
      "version": "0.7.0",
      "resolved": "https://registry.npmjs.org/micromodal/-/micromodal-0.7.0.tgz",
      "integrity": "sha512-DOU0eE7tByNFTrU9KgPIywt2imA2+ttMMoE89BU/w/r92tNemGFwCg5QTZLLv04N53ZGTizg10zeT7dUv8V/ug==",
      "license": "ISC",
      "engines": {
        "node": ">=10"
      }
    }
  }
}
